
Microsoft Visual Studio Solution File, Format Version 12.00
# Visual Studio 2017
Project("{FAE04EC0-301F-11D3-BF4B-00C04F79EFBC}") = "DreamBear", "DreamBear.csproj", "{DA39DEC3-01F9-4C9A-1474-819BAF726A25}"
EndProject
Project("{FAE04EC0-301F-11D3-BF4B-00C04F79EFBC}") = "DreamBear.Editor", "DreamBear.Editor.csproj", "{34DDE167-1FBF-30C7-1E85-B7902C4F16A2}"
EndProject
Global
	GlobalSection(SolutionConfigurationPlatforms) = preSolution
		Debug|Any CPU = Debug|Any CPU
		Release|Any CPU = Release|Any CPU
	EndGlobalSection
	GlobalSection(ProjectConfigurationPlatforms) = postSolution
		{DA39DEC3-01F9-4C9A-1474-819BAF726A25}.Debug|Any CPU.ActiveCfg = Debug|Any CPU
		{DA39DEC3-01F9-4C9A-1474-819BAF726A25}.Debug|Any CPU.Build.0 = Debug|Any CPU
		{DA39DEC3-01F9-4C9A-1474-819BAF726A25}.Release|Any CPU.ActiveCfg = Release|Any CPU
		{DA39DEC3-01F9-4C9A-1474-819BAF726A25}.Release|Any CPU.Build.0 = Release|Any CPU
		{34DDE167-1FBF-30C7-1E85-B7902C4F16A2}.Debug|Any CPU.ActiveCfg = Debug|Any CPU
		{34DDE167-1FBF-30C7-1E85-B7902C4F16A2}.Debug|Any CPU.Build.0 = Debug|Any CPU
		{34DDE167-1FBF-30C7-1E85-B7902C4F16A2}.Release|Any CPU.ActiveCfg = Release|Any CPU
		{34DDE167-1FBF-30C7-1E85-B7902C4F16A2}.Release|Any CPU.Build.0 = Release|Any CPU
	EndGlobalSection
	GlobalSection(SolutionProperties) = preSolution
		HideSolutionNode = FALSE
	EndGlobalSection
EndGlobal
